
Microsoft Visual Studio Solution File, Format Version 12.00
# Visual Studio Version 17
VisualStudioVersion = 17.2.32519.379
MinimumVisualStudioVersion = 10.0.40219.1
Project("{FAE04EC0-301F-11D3-BF4B-00C04F79EFBC}") = "LMS_Demo", "LMS_Demo\LMS_Demo.csproj", "{F49C74A6-346B-4667-98B3-5C9F7CEA0307}"
EndProject
Global
	GlobalSection(SolutionConfigurationPlatforms) = preSolution
		Debug|Any CPU = Debug|Any CPU
		Release|Any CPU = Release|Any CPU
	EndGlobalSection
	GlobalSection(ProjectConfigurationPlatforms) = postSolution
		{F49C74A6-346B-4667-98B3-5C9F7CEA0307}.Debug|Any CPU.ActiveCfg = Debug|Any CPU
		{F49C74A6-346B-4667-98B3-5C9F7CEA0307}.Debug|Any CPU.Build.0 = Debug|Any CPU
		{F49C74A6-346B-4667-98B3-5C9F7CEA0307}.Release|Any CPU.ActiveCfg = Release|Any CPU
		{F49C74A6-346B-4667-98B3-5C9F7CEA0307}.Release|Any CPU.Build.0 = Release|Any CPU
	EndGlobalSection
	GlobalSection(SolutionProperties) = preSolution
		HideSolutionNode = FALSE
	EndGlobalSection
	GlobalSection(ExtensibilityGlobals) = postSolution
		SolutionGuid = {D497E90D-C424-40E9-9E73-0B77A1B5AECC}
	EndGlobalSection
EndGlobal
